
Microsoft Visual Studio Solution File, Format Version 12.00
# Visual Studio 15
VisualStudioVersion = 15.0.27703.2042
MinimumVisualStudioVersion = 10.0.40219.1
Project("{9A19103F-16F7-4668-BE54-9A1E7A4F7556}") = "HatBazarBD", "HatBazarBD\HatBazarBD.csproj", "{0FA02569-F6E3-4862-A2BE-2659D38B2261}"
EndProject
Project("{FAE04EC0-301F-11D3-BF4B-00C04F79EFBC}") = "DAL", "DAL\DAL.csproj", "{6A6F9FDA-8E51-4AEC-8B51-EA5389C0E40A}"
EndProject
Global
	GlobalSection(SolutionConfigurationPlatforms) = preSolution
		Debug|Any CPU = Debug|Any CPU
		Release|Any CPU = Release|Any CPU
	EndGlobalSection
	GlobalSection(ProjectConfigurationPlatforms) = postSolution
		{0FA02569-F6E3-4862-A2BE-2659D38B2261}.Debug|Any CPU.ActiveCfg = Debug|Any CPU
		{0FA02569-F6E3-4862-A2BE-2659D38B2261}.Debug|Any CPU.Build.0 = Debug|Any CPU
		{0FA02569-F6E3-4862-A2BE-2659D38B2261}.Release|Any CPU.ActiveCfg = Release|Any CPU
		{0FA02569-F6E3-4862-A2BE-2659D38B2261}.Release|Any CPU.Build.0 = Release|Any CPU
		{6A6F9FDA-8E51-4AEC-8B51-EA5389C0E40A}.Debug|Any CPU.ActiveCfg = Debug|Any CPU
		{6A6F9FDA-8E51-4AEC-8B51-EA5389C0E40A}.Debug|Any CPU.Build.0 = Debug|Any CPU
		{6A6F9FDA-8E51-4AEC-8B51-EA5389C0E40A}.Release|Any CPU.ActiveCfg = Release|Any CPU
		{6A6F9FDA-8E51-4AEC-8B51-EA5389C0E40A}.Release|Any CPU.Build.0 = Release|Any CPU
	EndGlobalSection
	GlobalSection(SolutionProperties) = preSolution
		HideSolutionNode = FALSE
	EndGlobalSection
	GlobalSection(ExtensibilityGlobals) = postSolution
		SolutionGuid = {863C4A7C-E6C0-433E-A360-D212C42E33A5}
	EndGlobalSection
EndGlobal
